
Microsoft Visual Studio Solution File, Format Version 12.00
# Visual Studio Version 17
VisualStudioVersion = 17.9.34622.214
MinimumVisualStudioVersion = 10.0.40219.1
Project("{FAE04EC0-301F-11D3-BF4B-00C04F79EFBC}") = "votereg", "votereg\votereg.csproj", "{C920B4AC-924F-4B91-8C92-2358C091A961}"
EndProject
Global
	GlobalSection(SolutionConfigurationPlatforms) = preSolution
		Debug|Any CPU = Debug|Any CPU
		Release|Any CPU = Release|Any CPU
	EndGlobalSection
	GlobalSection(ProjectConfigurationPlatforms) = postSolution
		{C920B4AC-924F-4B91-8C92-2358C091A961}.Debug|Any CPU.ActiveCfg = Debug|Any CPU
		{C920B4AC-924F-4B91-8C92-2358C091A961}.Debug|Any CPU.Build.0 = Debug|Any CPU
		{C920B4AC-924F-4B91-8C92-2358C091A961}.Release|Any CPU.ActiveCfg = Release|Any CPU
		{C920B4AC-924F-4B91-8C92-2358C091A961}.Release|Any CPU.Build.0 = Release|Any CPU
	EndGlobalSection
	GlobalSection(SolutionProperties) = preSolution
		HideSolutionNode = FALSE
	EndGlobalSection
	GlobalSection(ExtensibilityGlobals) = postSolution
		SolutionGuid = {5751EB86-BFD6-4197-8136-C898D698B454}
	EndGlobalSection
EndGlobal
